
Microsoft Visual Studio Solution File, Format Version 12.00
# Visual Studio Version 17
VisualStudioVersion = 17.13.35828.75
MinimumVisualStudioVersion = 10.0.40219.1
Project("{FAE04EC0-301F-11D3-BF4B-00C04F79EFBC}") = "AssimentGD2", "AssimentGD2\AssimentGD2.csproj", "{A89A4B33-EBFD-4B88-8194-DC9A78CB7DB0}"
EndProject
Global
	GlobalSection(SolutionConfigurationPlatforms) = preSolution
		Debug|Any CPU = Debug|Any CPU
		Release|Any CPU = Release|Any CPU
	EndGlobalSection
	GlobalSection(ProjectConfigurationPlatforms) = postSolution
		{A89A4B33-EBFD-4B88-8194-DC9A78CB7DB0}.Debug|Any CPU.ActiveCfg = Debug|Any CPU
		{A89A4B33-EBFD-4B88-8194-DC9A78CB7DB0}.Debug|Any CPU.Build.0 = Debug|Any CPU
		{A89A4B33-EBFD-4B88-8194-DC9A78CB7DB0}.Release|Any CPU.ActiveCfg = Release|Any CPU
		{A89A4B33-EBFD-4B88-8194-DC9A78CB7DB0}.Release|Any CPU.Build.0 = Release|Any CPU
	EndGlobalSection
	GlobalSection(SolutionProperties) = preSolution
		HideSolutionNode = FALSE
	EndGlobalSection
	GlobalSection(ExtensibilityGlobals) = postSolution
		SolutionGuid = {1E4DDEC5-87A0-4FCD-99DA-27FA962C92F3}
	EndGlobalSection
EndGlobal
